
Microsoft Visual Studio Solution File, Format Version 12.00
# Visual Studio Version 17
VisualStudioVersion = 17.7.34031.279
MinimumVisualStudioVersion = 10.0.40219.1
Project("{FAE04EC0-301F-11D3-BF4B-00C04F79EFBC}") = "diary_c", "diary_c.csproj", "{4ADA1200-A1AC-4380-9D88-39FA8E6A6902}"
EndProject
Global
	GlobalSection(SolutionConfigurationPlatforms) = preSolution
		Debug|Any CPU = Debug|Any CPU
		Release|Any CPU = Release|Any CPU
	EndGlobalSection
	GlobalSection(ProjectConfigurationPlatforms) = postSolution
		{4ADA1200-A1AC-4380-9D88-39FA8E6A6902}.Debug|Any CPU.ActiveCfg = Debug|Any CPU
		{4ADA1200-A1AC-4380-9D88-39FA8E6A6902}.Debug|Any CPU.Build.0 = Debug|Any CPU
		{4ADA1200-A1AC-4380-9D88-39FA8E6A6902}.Release|Any CPU.ActiveCfg = Release|Any CPU
		{4ADA1200-A1AC-4380-9D88-39FA8E6A6902}.Release|Any CPU.Build.0 = Release|Any CPU
	EndGlobalSection
	GlobalSection(SolutionProperties) = preSolution
		HideSolutionNode = FALSE
	EndGlobalSection
	GlobalSection(ExtensibilityGlobals) = postSolution
		SolutionGuid = {944598BC-00C9-44C0-99DC-E006827118EA}
	EndGlobalSection
EndGlobal
